
Microsoft Visual Studio Solution File, Format Version 12.00
# Visual Studio Version 17
VisualStudioVersion = 17.0.31903.59
MinimumVisualStudioVersion = 10.0.40219.1
Project("{9A19103F-16F7-4668-BE54-9A1E7A4F7556}") = "session-06", "session-06.csproj", "{B51EF26A-5FBC-4061-BE50-5F275363AC61}"
EndProject
Global
	GlobalSection(SolutionConfigurationPlatforms) = preSolution
		Debug|Any CPU = Debug|Any CPU
		Release|Any CPU = Release|Any CPU
	EndGlobalSection
	GlobalSection(ProjectConfigurationPlatforms) = postSolution
		{B51EF26A-5FBC-4061-BE50-5F275363AC61}.Debug|Any CPU.ActiveCfg = Debug|Any CPU
		{B51EF26A-5FBC-4061-BE50-5F275363AC61}.Debug|Any CPU.Build.0 = Debug|Any CPU
		{B51EF26A-5FBC-4061-BE50-5F275363AC61}.Release|Any CPU.ActiveCfg = Release|Any CPU
		{B51EF26A-5FBC-4061-BE50-5F275363AC61}.Release|Any CPU.Build.0 = Release|Any CPU
	EndGlobalSection
	GlobalSection(SolutionProperties) = preSolution
		HideSolutionNode = FALSE
	EndGlobalSection
	GlobalSection(ExtensibilityGlobals) = postSolution
		SolutionGuid = {9162C799-B428-46FD-9C43-78B7E00382F5}
	EndGlobalSection
EndGlobal
