
Microsoft Visual Studio Solution File, Format Version 12.00
# Visual Studio Version 17
VisualStudioVersion = 17.0.31903.59
MinimumVisualStudioVersion = 10.0.40219.1
Project("{9A19103F-16F7-4668-BE54-9A1E7A4F7556}") = "assignment-3-solution", "assignment-3-solution.csproj", "{5B231857-A623-43A2-A19D-85C632BB3D50}"
EndProject
Global
	GlobalSection(SolutionConfigurationPlatforms) = preSolution
		Debug|Any CPU = Debug|Any CPU
		Release|Any CPU = Release|Any CPU
	EndGlobalSection
	GlobalSection(ProjectConfigurationPlatforms) = postSolution
		{5B231857-A623-43A2-A19D-85C632BB3D50}.Debug|Any CPU.ActiveCfg = Debug|Any CPU
		{5B231857-A623-43A2-A19D-85C632BB3D50}.Debug|Any CPU.Build.0 = Debug|Any CPU
		{5B231857-A623-43A2-A19D-85C632BB3D50}.Release|Any CPU.ActiveCfg = Release|Any CPU
		{5B231857-A623-43A2-A19D-85C632BB3D50}.Release|Any CPU.Build.0 = Release|Any CPU
	EndGlobalSection
	GlobalSection(SolutionProperties) = preSolution
		HideSolutionNode = FALSE
	EndGlobalSection
	GlobalSection(ExtensibilityGlobals) = postSolution
		SolutionGuid = {F20FD46F-5E04-40F5-9C7D-EBDE40192ABC}
	EndGlobalSection
EndGlobal
