
Microsoft Visual Studio Solution File, Format Version 12.00
# Visual Studio Version 17
VisualStudioVersion = 17.0.31903.59
MinimumVisualStudioVersion = 10.0.40219.1
Project("{9A19103F-16F7-4668-BE54-9A1E7A4F7556}") = "Session003", "Session003\Session003.csproj", "{D66F24F2-AB01-45AC-9A21-E3E17ECD129A}"
EndProject
Global
	GlobalSection(SolutionConfigurationPlatforms) = preSolution
		Debug|Any CPU = Debug|Any CPU
		Release|Any CPU = Release|Any CPU
	EndGlobalSection
	GlobalSection(ProjectConfigurationPlatforms) = postSolution
		{D66F24F2-AB01-45AC-9A21-E3E17ECD129A}.Debug|Any CPU.ActiveCfg = Debug|Any CPU
		{D66F24F2-AB01-45AC-9A21-E3E17ECD129A}.Debug|Any CPU.Build.0 = Debug|Any CPU
		{D66F24F2-AB01-45AC-9A21-E3E17ECD129A}.Release|Any CPU.ActiveCfg = Release|Any CPU
		{D66F24F2-AB01-45AC-9A21-E3E17ECD129A}.Release|Any CPU.Build.0 = Release|Any CPU
	EndGlobalSection
	GlobalSection(SolutionProperties) = preSolution
		HideSolutionNode = FALSE
	EndGlobalSection
	GlobalSection(ExtensibilityGlobals) = postSolution
		SolutionGuid = {A70354A3-A217-4A6A-A227-5A51268FAD50}
	EndGlobalSection
EndGlobal
