
Microsoft Visual Studio Solution File, Format Version 12.00
# Visual Studio Version 17
VisualStudioVersion = 17.0.31903.59
MinimumVisualStudioVersion = 10.0.40219.1
Project("{9A19103F-16F7-4668-BE54-9A1E7A4F7556}") = "session-05", "session-05.csproj", "{9933A0C5-AACE-41AC-B7A7-A08A591F8278}"
EndProject
Global
	GlobalSection(SolutionConfigurationPlatforms) = preSolution
		Debug|Any CPU = Debug|Any CPU
		Release|Any CPU = Release|Any CPU
	EndGlobalSection
	GlobalSection(ProjectConfigurationPlatforms) = postSolution
		{9933A0C5-AACE-41AC-B7A7-A08A591F8278}.Debug|Any CPU.ActiveCfg = Debug|Any CPU
		{9933A0C5-AACE-41AC-B7A7-A08A591F8278}.Debug|Any CPU.Build.0 = Debug|Any CPU
		{9933A0C5-AACE-41AC-B7A7-A08A591F8278}.Release|Any CPU.ActiveCfg = Release|Any CPU
		{9933A0C5-AACE-41AC-B7A7-A08A591F8278}.Release|Any CPU.Build.0 = Release|Any CPU
	EndGlobalSection
	GlobalSection(SolutionProperties) = preSolution
		HideSolutionNode = FALSE
	EndGlobalSection
	GlobalSection(ExtensibilityGlobals) = postSolution
		SolutionGuid = {368A89A6-AFD2-4B4A-9AAC-9E10BBD3FC6E}
	EndGlobalSection
EndGlobal
