
Microsoft Visual Studio Solution File, Format Version 12.00
# Visual Studio Version 17
VisualStudioVersion = 17.0.31903.59
MinimumVisualStudioVersion = 10.0.40219.1
Project("{FAE04EC0-301F-11D3-BF4B-00C04F79EFBC}") = "assignment-2", "assignment-2.csproj", "{1E70B2EA-48A2-4958-A6F7-4A3A7A64A379}"
EndProject
Global
	GlobalSection(SolutionConfigurationPlatforms) = preSolution
		Debug|Any CPU = Debug|Any CPU
		Release|Any CPU = Release|Any CPU
	EndGlobalSection
	GlobalSection(ProjectConfigurationPlatforms) = postSolution
		{1E70B2EA-48A2-4958-A6F7-4A3A7A64A379}.Debug|Any CPU.ActiveCfg = Debug|Any CPU
		{1E70B2EA-48A2-4958-A6F7-4A3A7A64A379}.Debug|Any CPU.Build.0 = Debug|Any CPU
		{1E70B2EA-48A2-4958-A6F7-4A3A7A64A379}.Release|Any CPU.ActiveCfg = Release|Any CPU
		{1E70B2EA-48A2-4958-A6F7-4A3A7A64A379}.Release|Any CPU.Build.0 = Release|Any CPU
	EndGlobalSection
	GlobalSection(SolutionProperties) = preSolution
		HideSolutionNode = FALSE
	EndGlobalSection
	GlobalSection(ExtensibilityGlobals) = postSolution
		SolutionGuid = {ACC772DE-705D-45B5-AD49-B72930EE89FE}
	EndGlobalSection
EndGlobal
