
Microsoft Visual Studio Solution File, Format Version 12.00
# Visual Studio Version 17
VisualStudioVersion = 17.0.31903.59
MinimumVisualStudioVersion = 10.0.40219.1
Project("{FAE04EC0-301F-11D3-BF4B-00C04F79EFBC}") = "session-11", "session-11.csproj", "{F711EE62-86A2-4398-9414-EFD1E9AA895F}"
EndProject
Global
	GlobalSection(SolutionConfigurationPlatforms) = preSolution
		Debug|Any CPU = Debug|Any CPU
		Release|Any CPU = Release|Any CPU
	EndGlobalSection
	GlobalSection(ProjectConfigurationPlatforms) = postSolution
		{F711EE62-86A2-4398-9414-EFD1E9AA895F}.Debug|Any CPU.ActiveCfg = Debug|Any CPU
		{F711EE62-86A2-4398-9414-EFD1E9AA895F}.Debug|Any CPU.Build.0 = Debug|Any CPU
		{F711EE62-86A2-4398-9414-EFD1E9AA895F}.Release|Any CPU.ActiveCfg = Release|Any CPU
		{F711EE62-86A2-4398-9414-EFD1E9AA895F}.Release|Any CPU.Build.0 = Release|Any CPU
	EndGlobalSection
	GlobalSection(SolutionProperties) = preSolution
		HideSolutionNode = FALSE
	EndGlobalSection
	GlobalSection(ExtensibilityGlobals) = postSolution
		SolutionGuid = {7CAA074A-B681-4221-8219-099568D0DC98}
	EndGlobalSection
EndGlobal
