
Microsoft Visual Studio Solution File, Format Version 12.00
# Visual Studio Version 17
VisualStudioVersion = 17.0.31903.59
MinimumVisualStudioVersion = 10.0.40219.1
Project("{9A19103F-16F7-4668-BE54-9A1E7A4F7556}") = "session-07", "session-07.csproj", "{4A3785EC-697C-4561-9615-D16166B625DF}"
EndProject
Global
	GlobalSection(SolutionConfigurationPlatforms) = preSolution
		Debug|Any CPU = Debug|Any CPU
		Release|Any CPU = Release|Any CPU
	EndGlobalSection
	GlobalSection(ProjectConfigurationPlatforms) = postSolution
		{4A3785EC-697C-4561-9615-D16166B625DF}.Debug|Any CPU.ActiveCfg = Debug|Any CPU
		{4A3785EC-697C-4561-9615-D16166B625DF}.Debug|Any CPU.Build.0 = Debug|Any CPU
		{4A3785EC-697C-4561-9615-D16166B625DF}.Release|Any CPU.ActiveCfg = Release|Any CPU
		{4A3785EC-697C-4561-9615-D16166B625DF}.Release|Any CPU.Build.0 = Release|Any CPU
	EndGlobalSection
	GlobalSection(SolutionProperties) = preSolution
		HideSolutionNode = FALSE
	EndGlobalSection
	GlobalSection(ExtensibilityGlobals) = postSolution
		SolutionGuid = {236948B6-F9E0-4205-9B47-6F83864E59DE}
	EndGlobalSection
EndGlobal
